
Microsoft Visual Studio Solution File, Format Version 12.00
# Visual Studio 2013
VisualStudioVersion = 12.0.31101.0
MinimumVisualStudioVersion = 10.0.40219.1
Project("{FAE04EC0-301F-11D3-BF4B-00C04F79EFBC}") = "DotNet.Entity", "DotNet.Entity\DotNet.Entity.csproj", "{029B039E-7916-40AA-A8B9-029540752B8B}"
EndProject
Project("{FAE04EC0-301F-11D3-BF4B-00C04F79EFBC}") = "DotNet.DAL", "DotNet.DAL\DotNet.DAL.csproj", "{478BA50E-4307-4F8B-9E5E-06E94A62B441}"
EndProject
Project("{FAE04EC0-301F-11D3-BF4B-00C04F79EFBC}") = "DotNet.IDAL", "DotNet.IDAL\DotNet.IDAL.csproj", "{D01F6B84-EC60-4EA0-A2AE-A1C6F838A838}"
EndProject
Project("{2150E333-8FDC-42A3-9474-1A3956D46DE8}") = "01_Entity", "01_Entity", "{22732BAA-9CEF-43B5-9E51-9AF2D75D17A6}"
EndProject
Project("{2150E333-8FDC-42A3-9474-1A3956D46DE8}") = "02_DAL", "02_DAL", "{4B062725-FA09-4F06-9558-B09E03E679E4}"
EndProject
Project("{2150E333-8FDC-42A3-9474-1A3956D46DE8}") = "03_Utility", "03_Utility", "{539BC9AA-D25B-4AF6-A5FE-70CF6330AC2F}"
EndProject
Project("{FAE04EC0-301F-11D3-BF4B-00C04F79EFBC}") = "DotNet.Common", "DotNet.Common\DotNet.Common.csproj", "{EC9C0F52-C3F6-4AD7-A75B-944C7391E020}"
EndProject
Project("{FAE04EC0-301F-11D3-BF4B-00C04F79EFBC}") = "DotNet.DBProvide", "DotNet.DBProvide\DotNet.DBProvide.csproj", "{10A0FEC6-DC48-4A67-B8C8-61A3D05A915B}"
EndProject
Project("{2150E333-8FDC-42A3-9474-1A3956D46DE8}") = "04_BLL", "04_BLL", "{BA157350-771F-4795-895E-9954EB8B2129}"
EndProject
Project("{FAE04EC0-301F-11D3-BF4B-00C04F79EFBC}") = "DotNet.IBLL", "DotNet.IBLL\DotNet.IBLL.csproj", "{F8F274A6-98F5-4BC9-ABF4-30A1AFECD53A}"
EndProject
Project("{FAE04EC0-301F-11D3-BF4B-00C04F79EFBC}") = "DotNet.BLL", "DotNet.BLL\DotNet.BLL.csproj", "{A4F3C4D9-E399-41A8-996B-5AF509F5E17C}"
EndProject
Project("{FAE04EC0-301F-11D3-BF4B-00C04F79EFBC}") = "DotNet.MVC", "DotNet.MVC\DotNet.MVC.csproj", "{B7B0B814-8FAC-4F3E-91D5-E547F96295F8}"
EndProject
Project("{FAE04EC0-301F-11D3-BF4B-00C04F79EFBC}") = "DotNet.StaticFile", "DotNet.StaticFile\DotNet.StaticFile.csproj", "{EEC46E2E-99C6-4278-B138-71AB7A0CB48F}"
EndProject
Global
	GlobalSection(SolutionConfigurationPlatforms) = preSolution
		Debug|Any CPU = Debug|Any CPU
		Release|Any CPU = Release|Any CPU
	EndGlobalSection
	GlobalSection(ProjectConfigurationPlatforms) = postSolution
		{029B039E-7916-40AA-A8B9-029540752B8B}.Debug|Any CPU.ActiveCfg = Debug|Any CPU
		{029B039E-7916-40AA-A8B9-029540752B8B}.Debug|Any CPU.Build.0 = Debug|Any CPU
		{029B039E-7916-40AA-A8B9-029540752B8B}.Release|Any CPU.ActiveCfg = Release|Any CPU
		{029B039E-7916-40AA-A8B9-029540752B8B}.Release|Any CPU.Build.0 = Release|Any CPU
		{478BA50E-4307-4F8B-9E5E-06E94A62B441}.Debug|Any CPU.ActiveCfg = Debug|Any CPU
		{478BA50E-4307-4F8B-9E5E-06E94A62B441}.Debug|Any CPU.Build.0 = Debug|Any CPU
		{478BA50E-4307-4F8B-9E5E-06E94A62B441}.Release|Any CPU.ActiveCfg = Release|Any CPU
		{478BA50E-4307-4F8B-9E5E-06E94A62B441}.Release|Any CPU.Build.0 = Release|Any CPU
		{D01F6B84-EC60-4EA0-A2AE-A1C6F838A838}.Debug|Any CPU.ActiveCfg = Debug|Any CPU
		{D01F6B84-EC60-4EA0-A2AE-A1C6F838A838}.Debug|Any CPU.Build.0 = Debug|Any CPU
		{D01F6B84-EC60-4EA0-A2AE-A1C6F838A838}.Release|Any CPU.ActiveCfg = Release|Any CPU
		{D01F6B84-EC60-4EA0-A2AE-A1C6F838A838}.Release|Any CPU.Build.0 = Release|Any CPU
		{EC9C0F52-C3F6-4AD7-A75B-944C7391E020}.Debug|Any CPU.ActiveCfg = Debug|Any CPU
		{EC9C0F52-C3F6-4AD7-A75B-944C7391E020}.Debug|Any CPU.Build.0 = Debug|Any CPU
		{EC9C0F52-C3F6-4AD7-A75B-944C7391E020}.Release|Any CPU.ActiveCfg = Release|Any CPU
		{EC9C0F52-C3F6-4AD7-A75B-944C7391E020}.Release|Any CPU.Build.0 = Release|Any CPU
		{10A0FEC6-DC48-4A67-B8C8-61A3D05A915B}.Debug|Any CPU.ActiveCfg = Debug|Any CPU
		{10A0FEC6-DC48-4A67-B8C8-61A3D05A915B}.Debug|Any CPU.Build.0 = Debug|Any CPU
		{10A0FEC6-DC48-4A67-B8C8-61A3D05A915B}.Release|Any CPU.ActiveCfg = Release|Any CPU
		{10A0FEC6-DC48-4A67-B8C8-61A3D05A915B}.Release|Any CPU.Build.0 = Release|Any CPU
		{F8F274A6-98F5-4BC9-ABF4-30A1AFECD53A}.Debug|Any CPU.ActiveCfg = Debug|Any CPU
		{F8F274A6-98F5-4BC9-ABF4-30A1AFECD53A}.Debug|Any CPU.Build.0 = Debug|Any CPU
		{F8F274A6-98F5-4BC9-ABF4-30A1AFECD53A}.Release|Any CPU.ActiveCfg = Release|Any CPU
		{F8F274A6-98F5-4BC9-ABF4-30A1AFECD53A}.Release|Any CPU.Build.0 = Release|Any CPU
		{A4F3C4D9-E399-41A8-996B-5AF509F5E17C}.Debug|Any CPU.ActiveCfg = Debug|Any CPU
		{A4F3C4D9-E399-41A8-996B-5AF509F5E17C}.Debug|Any CPU.Build.0 = Debug|Any CPU
		{A4F3C4D9-E399-41A8-996B-5AF509F5E17C}.Release|Any CPU.ActiveCfg = Release|Any CPU
		{A4F3C4D9-E399-41A8-996B-5AF509F5E17C}.Release|Any CPU.Build.0 = Release|Any CPU
		{B7B0B814-8FAC-4F3E-91D5-E547F96295F8}.Debug|Any CPU.ActiveCfg = Debug|Any CPU
		{B7B0B814-8FAC-4F3E-91D5-E547F96295F8}.Debug|Any CPU.Build.0 = Debug|Any CPU
		{B7B0B814-8FAC-4F3E-91D5-E547F96295F8}.Release|Any CPU.ActiveCfg = Release|Any CPU
		{B7B0B814-8FAC-4F3E-91D5-E547F96295F8}.Release|Any CPU.Build.0 = Release|Any CPU
		{EEC46E2E-99C6-4278-B138-71AB7A0CB48F}.Debug|Any CPU.ActiveCfg = Debug|Any CPU
		{EEC46E2E-99C6-4278-B138-71AB7A0CB48F}.Debug|Any CPU.Build.0 = Debug|Any CPU
		{EEC46E2E-99C6-4278-B138-71AB7A0CB48F}.Release|Any CPU.ActiveCfg = Release|Any CPU
		{EEC46E2E-99C6-4278-B138-71AB7A0CB48F}.Release|Any CPU.Build.0 = Release|Any CPU
	EndGlobalSection
	GlobalSection(SolutionProperties) = preSolution
		HideSolutionNode = FALSE
	EndGlobalSection
	GlobalSection(NestedProjects) = preSolution
		{029B039E-7916-40AA-A8B9-029540752B8B} = {22732BAA-9CEF-43B5-9E51-9AF2D75D17A6}
		{478BA50E-4307-4F8B-9E5E-06E94A62B441} = {4B062725-FA09-4F06-9558-B09E03E679E4}
		{D01F6B84-EC60-4EA0-A2AE-A1C6F838A838} = {4B062725-FA09-4F06-9558-B09E03E679E4}
		{EC9C0F52-C3F6-4AD7-A75B-944C7391E020} = {539BC9AA-D25B-4AF6-A5FE-70CF6330AC2F}
		{10A0FEC6-DC48-4A67-B8C8-61A3D05A915B} = {539BC9AA-D25B-4AF6-A5FE-70CF6330AC2F}
		{F8F274A6-98F5-4BC9-ABF4-30A1AFECD53A} = {BA157350-771F-4795-895E-9954EB8B2129}
		{A4F3C4D9-E399-41A8-996B-5AF509F5E17C} = {BA157350-771F-4795-895E-9954EB8B2129}
	EndGlobalSection
EndGlobal
